{
  "nodes": {
    "home-manager": {
      "inputs": {
        "nixpkgs": [
          "nixpkgs"
        ],
        "utils": "utils"
      },
      "locked": {
        "lastModified": 1659863516,
        "narHash": "sha256-gfLm3XOcSEAokqNs2sA0pXHIebdgvpA2F6lvrB/dkis=",
        "owner": "nix-community",
        "repo": "home-manager",
        "rev": "d9e03b7f8c67890b920c92d8154dd9b60bb1242f",
        "type": "github"
      },
      "original": {
        "owner": "nix-community",
        "repo": "home-manager",
        "type": "github"
      }
    },
    "nixpkgs": {
      "locked": {
        "lastModified": 1659713809,
        "narHash": "sha256-M4aHuXXVnfprM8xPH2lLkYkkR0fmaG5QmvIc0DT/d4E=",
        "owner": "nixos",
        "repo": "nixpkgs",
        "rev": "93c57a988470c1948976b1bb70abbd5855c5b810",
        "type": "github"
      },
      "original": {
        "owner": "nixos",
        "ref": "nixos-unstable",
        "repo": "nixpkgs",
        "type": "github"
      }
    },
    "root": {
      "inputs": {
        "home-manager": "home-manager",
        "nixpkgs": "nixpkgs"
      }
    },
    "utils": {
      "locked": {
        "lastModified": 1653893745,
        "narHash": "sha256-0jntwV3Z8//YwuOjzhV2sgJJPt+HY6KhU7VZUL0fKZQ=",
        "owner": "numtide",
        "repo": "flake-utils",
        "rev": "1ed9fb1935d260de5fe1c2f7ee0ebaae17ed2fa1",
        "type": "github"
      },
      "original": {
        "owner": "numtide",
        "repo": "flake-utils",
        "type": "github"
      }
    }
  },
  "root": "root",
  "version": 7
}
