{
  "nodes": {
    "home-manager": {
      "inputs": {
        "nixpkgs": [
          "nixpkgs"
        ]
      },
      "locked": {
        "lastModified": 1713906585,
        "narHash": "sha256-fv84DCOkBtjF6wMATt0rfovu7e95L8rdEkSfNbwKR3U=",
        "owner": "nix-community",
        "repo": "home-manager",
        "rev": "bfa7c06436771e3a0c666ccc6ee01e815d4c33aa",
        "type": "github"
      },
      "original": {
        "owner": "nix-community",
        "repo": "home-manager",
        "type": "github"
      }
    },
    "hy3": {
      "inputs": {
        "hyprland": [
          "hyprland"
        ]
      },
      "locked": {
        "lastModified": 1713686902,
        "narHash": "sha256-PqVld+oFziSt7VZTNBomPyboaMEAIkerPQFwNJL/Wjw=",
        "owner": "outfoxxed",
        "repo": "hy3",
        "rev": "3331340702ecf69229eea3f9268cc05e82c0298e",
        "type": "github"
      },
      "original": {
        "owner": "outfoxxed",
        "ref": "hl0.39.1",
        "repo": "hy3",
        "type": "github"
      }
    },
    "hyprcursor": {
      "inputs": {
        "hyprlang": [
          "hyprland",
          "hyprlang"
        ],
        "nixpkgs": [
          "hyprland",
          "nixpkgs"
        ],
        "systems": [
          "hyprland",
          "systems"
        ]
      },
      "locked": {
        "lastModified": 1713214463,
        "narHash": "sha256-zAOOjqHAbccCRgJSuvTCA0FNLqKswN63LgVo43R7pxw=",
        "owner": "hyprwm",
        "repo": "hyprcursor",
        "rev": "0a53b9957f0b17f1a0036b25198f569969ad43a0",
        "type": "github"
      },
      "original": {
        "owner": "hyprwm",
        "repo": "hyprcursor",
        "type": "github"
      }
    },
    "hyprland": {
      "inputs": {
        "hyprcursor": "hyprcursor",
        "hyprland-protocols": "hyprland-protocols",
        "hyprlang": "hyprlang",
        "nixpkgs": [
          "nixpkgs"
        ],
        "systems": "systems",
        "wlroots": "wlroots",
        "xdph": "xdph"
      },
      "locked": {
        "lastModified": 1713283263,
        "narHash": "sha256-Urb/njWiHYUudXpmK8EKl9Z58esTIG0PxXw5LuM2r5g=",
        "owner": "hyprwm",
        "repo": "Hyprland",
        "rev": "fe7b748eb668136dd0558b7c8279bfcd7ab4d759",
        "type": "github"
      },
      "original": {
        "owner": "hyprwm",
        "ref": "v0.39.1",
        "repo": "Hyprland",
        "type": "github"
      }
    },
    "hyprland-protocols": {
      "inputs": {
        "nixpkgs": [
          "hyprland",
          "nixpkgs"
        ],
        "systems": [
          "hyprland",
          "systems"
        ]
      },
      "locked": {
        "lastModified": 1691753796,
        "narHash": "sha256-zOEwiWoXk3j3+EoF3ySUJmberFewWlagvewDRuWYAso=",
        "owner": "hyprwm",
        "repo": "hyprland-protocols",
        "rev": "0c2ce70625cb30aef199cb388f99e19a61a6ce03",
        "type": "github"
      },
      "original": {
        "owner": "hyprwm",
        "repo": "hyprland-protocols",
        "type": "github"
      }
    },
    "hyprlang": {
      "inputs": {
        "nixpkgs": [
          "hyprland",
          "nixpkgs"
        ],
        "systems": [
          "hyprland",
          "systems"
        ]
      },
      "locked": {
        "lastModified": 1713121246,
        "narHash": "sha256-502X0Q0fhN6tJK7iEUA8CghONKSatW/Mqj4Wappd++0=",
        "owner": "hyprwm",
        "repo": "hyprlang",
        "rev": "78fcaa27ae9e1d782faa3ff06c8ea55ddce63706",
        "type": "github"
      },
      "original": {
        "owner": "hyprwm",
        "repo": "hyprlang",
        "type": "github"
      }
    },
    "hyprsplit": {
      "inputs": {
        "hyprland": [
          "hyprland"
        ]
      },
      "locked": {
        "lastModified": 1713213176,
        "narHash": "sha256-Kg7+iAukVpXKAa3Jd5FFNQy5e51ofGv1SKhkZwfqBf4=",
        "owner": "shezdy",
        "repo": "hyprsplit",
        "rev": "6b9db62fab91066bb678f14198771b8e8cc12a8f",
        "type": "github"
      },
      "original": {
        "owner": "shezdy",
        "ref": "v0.39.1",
        "repo": "hyprsplit",
        "type": "github"
      }
    },
    "nixos-hardware": {
      "locked": {
        "lastModified": 1713864415,
        "narHash": "sha256-/BPDMJEkrsFAFOsQWhwm31wezlgshPFlLBn34KEUdVA=",
        "owner": "NixOS",
        "repo": "nixos-hardware",
        "rev": "797f8d8082c7cc3259cba7275c699d4991b09ecc",
        "type": "github"
      },
      "original": {
        "owner": "NixOS",
        "ref": "master",
        "repo": "nixos-hardware",
        "type": "github"
      }
    },
    "nixpkgs": {
      "locked": {
        "lastModified": 1713714899,
        "narHash": "sha256-+z/XjO3QJs5rLE5UOf015gdVauVRQd2vZtsFkaXBq2Y=",
        "owner": "nixos",
        "repo": "nixpkgs",
        "rev": "6143fc5eeb9c4f00163267708e26191d1e918932",
        "type": "github"
      },
      "original": {
        "owner": "nixos",
        "ref": "nixos-unstable",
        "repo": "nixpkgs",
        "type": "github"
      }
    },
    "root": {
      "inputs": {
        "home-manager": "home-manager",
        "hy3": "hy3",
        "hyprland": "hyprland",
        "hyprsplit": "hyprsplit",
        "nixos-hardware": "nixos-hardware",
        "nixpkgs": "nixpkgs"
      }
    },
    "systems": {
      "locked": {
        "lastModified": 1689347949,
        "narHash": "sha256-12tWmuL2zgBgZkdoB6qXZsgJEH9LR3oUgpaQq2RbI80=",
        "owner": "nix-systems",
        "repo": "default-linux",
        "rev": "31732fcf5e8fea42e59c2488ad31a0e651500f68",
        "type": "github"
      },
      "original": {
        "owner": "nix-systems",
        "repo": "default-linux",
        "type": "github"
      }
    },
    "wlroots": {
      "flake": false,
      "locked": {
        "lastModified": 1713124002,
        "narHash": "sha256-vPeZCY+sdiGsz4fl3AVVujfyZyQBz6+vZdkUE4hQ+HI=",
        "owner": "hyprwm",
        "repo": "wlroots-hyprland",
        "rev": "611a4f24cd2384378f6e500253983107c6656c64",
        "type": "github"
      },
      "original": {
        "owner": "hyprwm",
        "repo": "wlroots-hyprland",
        "rev": "611a4f24cd2384378f6e500253983107c6656c64",
        "type": "github"
      }
    },
    "xdph": {
      "inputs": {
        "hyprland-protocols": [
          "hyprland",
          "hyprland-protocols"
        ],
        "hyprlang": [
          "hyprland",
          "hyprlang"
        ],
        "nixpkgs": [
          "hyprland",
          "nixpkgs"
        ],
        "systems": [
          "hyprland",
          "systems"
        ]
      },
      "locked": {
        "lastModified": 1713214484,
        "narHash": "sha256-h1bSIsDuPk1FGgvTuSHJyiU2Glu7oAyoPMJutKZmLQ8=",
        "owner": "hyprwm",
        "repo": "xdg-desktop-portal-hyprland",
        "rev": "bb44921534a9cee9635304fdb876c1b3ec3a8f61",
        "type": "github"
      },
      "original": {
        "owner": "hyprwm",
        "repo": "xdg-desktop-portal-hyprland",
        "type": "github"
      }
    }
  },
  "root": "root",
  "version": 7
}
